
Microsoft Visual Studio Solution File, Format Version 12.00
# Visual Studio 2012
Project("{FAE04EC0-301F-11D3-BF4B-00C04F79EFBC}") = "2014.05.25_RegistrationForm_Home", "2014.05.25_RegistrationForm_Home\2014.05.25_RegistrationForm_Home.csproj", "{DBB2ECBC-59C0-44F8-A938-DE68FD932EF3}"
EndProject
Project("{FAE04EC0-301F-11D3-BF4B-00C04F79EFBC}") = "Account", "Account\Account.csproj", "{660884C4-4C97-4897-9379-5ABEC3EFBCAB}"
EndProject
Global
	GlobalSection(SolutionConfigurationPlatforms) = preSolution
		Debug|Any CPU = Debug|Any CPU
		Release|Any CPU = Release|Any CPU
	EndGlobalSection
	GlobalSection(ProjectConfigurationPlatforms) = postSolution
		{DBB2ECBC-59C0-44F8-A938-DE68FD932EF3}.Debug|Any CPU.ActiveCfg = Debug|Any CPU
		{DBB2ECBC-59C0-44F8-A938-DE68FD932EF3}.Debug|Any CPU.Build.0 = Debug|Any CPU
		{DBB2ECBC-59C0-44F8-A938-DE68FD932EF3}.Release|Any CPU.ActiveCfg = Release|Any CPU
		{DBB2ECBC-59C0-44F8-A938-DE68FD932EF3}.Release|Any CPU.Build.0 = Release|Any CPU
		{660884C4-4C97-4897-9379-5ABEC3EFBCAB}.Debug|Any CPU.ActiveCfg = Debug|Any CPU
		{660884C4-4C97-4897-9379-5ABEC3EFBCAB}.Debug|Any CPU.Build.0 = Debug|Any CPU
		{660884C4-4C97-4897-9379-5ABEC3EFBCAB}.Release|Any CPU.ActiveCfg = Release|Any CPU
		{660884C4-4C97-4897-9379-5ABEC3EFBCAB}.Release|Any CPU.Build.0 = Release|Any CPU
	EndGlobalSection
	GlobalSection(SolutionProperties) = preSolution
		HideSolutionNode = FALSE
	EndGlobalSection
EndGlobal
